
Microsoft Visual Studio Solution File, Format Version 12.00
# Visual Studio 14
VisualStudioVersion = 14.0.25123.0
MinimumVisualStudioVersion = 10.0.40219.1
Project("{FAE04EC0-301F-11D3-BF4B-00C04F79EFBC}") = "SimpleBlackBoard", "SimpleBlackBoard\SimpleBlackBoard.csproj", "{07223BB4-28BB-4B5B-AFC3-E191B7581313}"
EndProject
Project("{FAE04EC0-301F-11D3-BF4B-00C04F79EFBC}") = "BusinessLayer", "Business Layer\BusinessLayer.csproj", "{D95469E0-DBD1-4DA0-B3DB-D65A3B4E887D}"
EndProject
Project("{FAE04EC0-301F-11D3-BF4B-00C04F79EFBC}") = "DataLayer", "DataLayer\DataLayer.csproj", "{73E6AFFA-22EA-429F-A597-4C11862F3422}"
EndProject
Global
	GlobalSection(SolutionConfigurationPlatforms) = preSolution
		Debug|Any CPU = Debug|Any CPU
		Release|Any CPU = Release|Any CPU
	EndGlobalSection
	GlobalSection(ProjectConfigurationPlatforms) = postSolution
		{07223BB4-28BB-4B5B-AFC3-E191B7581313}.Debug|Any CPU.ActiveCfg = Debug|Any CPU
		{07223BB4-28BB-4B5B-AFC3-E191B7581313}.Debug|Any CPU.Build.0 = Debug|Any CPU
		{07223BB4-28BB-4B5B-AFC3-E191B7581313}.Release|Any CPU.ActiveCfg = Release|Any CPU
		{07223BB4-28BB-4B5B-AFC3-E191B7581313}.Release|Any CPU.Build.0 = Release|Any CPU
		{D95469E0-DBD1-4DA0-B3DB-D65A3B4E887D}.Debug|Any CPU.ActiveCfg = Debug|Any CPU
		{D95469E0-DBD1-4DA0-B3DB-D65A3B4E887D}.Debug|Any CPU.Build.0 = Debug|Any CPU
		{D95469E0-DBD1-4DA0-B3DB-D65A3B4E887D}.Release|Any CPU.ActiveCfg = Release|Any CPU
		{D95469E0-DBD1-4DA0-B3DB-D65A3B4E887D}.Release|Any CPU.Build.0 = Release|Any CPU
		{73E6AFFA-22EA-429F-A597-4C11862F3422}.Debug|Any CPU.ActiveCfg = Debug|Any CPU
		{73E6AFFA-22EA-429F-A597-4C11862F3422}.Debug|Any CPU.Build.0 = Debug|Any CPU
		{73E6AFFA-22EA-429F-A597-4C11862F3422}.Release|Any CPU.ActiveCfg = Release|Any CPU
		{73E6AFFA-22EA-429F-A597-4C11862F3422}.Release|Any CPU.Build.0 = Release|Any CPU
	EndGlobalSection
	GlobalSection(SolutionProperties) = preSolution
		HideSolutionNode = FALSE
	EndGlobalSection
EndGlobal
